# THIS IS AN AUTOGENERATED FILE. DO NOT EDIT THIS FILE DIRECTLY.
# yarn lockfile v1


graphql-schema-from-json@^0.0.3:
  version "0.0.3"
  resolved "https://registry.yarnpkg.com/graphql-schema-from-json/-/graphql-schema-from-json-0.0.3.tgz#883b031ac9e81553c3f122a64adc1531588fa7c5"
  dependencies:
    graphql "~0.11.7"
    graphql-type-json "~0.1.4"
    inflection "~1.12.0"

graphql-type-json@~0.1.4:
  version "0.1.4"
  resolved "https://registry.yarnpkg.com/graphql-type-json/-/graphql-type-json-0.1.4.tgz#89f13f5d32ce08c9a76c79fdf9c1968384d81a4e"

graphql@^0.13.0:
  version "0.13.0"
  resolved "https://registry.yarnpkg.com/graphql/-/graphql-0.13.0.tgz#d1b44a282279a9ce0a6ec1037329332f4c1079b6"
  dependencies:
    iterall "1.1.x"

graphql@~0.11.7:
  version "0.11.7"
  resolved "https://registry.yarnpkg.com/graphql/-/graphql-0.11.7.tgz#e5abaa9cb7b7cccb84e9f0836bf4370d268750c6"
  dependencies:
    iterall "1.1.3"

inflection@~1.12.0:
  version "1.12.0"
  resolved "https://registry.yarnpkg.com/inflection/-/inflection-1.12.0.tgz#a200935656d6f5f6bc4dc7502e1aecb703228416"

iterall@1.1.3:
  version "1.1.3"
  resolved "https://registry.yarnpkg.com/iterall/-/iterall-1.1.3.tgz#1cbbff96204056dde6656e2ed2e2226d0e6d72c9"

iterall@1.1.x:
  version "1.1.4"
  resolved "https://registry.yarnpkg.com/iterall/-/iterall-1.1.4.tgz#0db40d38fdcf53ae14dc8ec674e62ab190d52cfc"
